
Microsoft Visual Studio Solution File, Format Version 12.00
# Visual Studio Version 17
VisualStudioVersion = 17.11.35219.272
MinimumVisualStudioVersion = 10.0.40219.1
Project("{FAE04EC0-301F-11D3-BF4B-00C04F79EFBC}") = "WindowsFormsApp2", "WindowsFormsApp2\WindowsFormsApp2.csproj", "{9D687A54-A061-4DCF-A757-823761522640}"
EndProject
Global
	GlobalSection(SolutionConfigurationPlatforms) = preSolution
		Debug|Any CPU = Debug|Any CPU
		Release|Any CPU = Release|Any CPU
	EndGlobalSection
	GlobalSection(ProjectConfigurationPlatforms) = postSolution
		{9D687A54-A061-4DCF-A757-823761522640}.Debug|Any CPU.ActiveCfg = Debug|Any CPU
		{9D687A54-A061-4DCF-A757-823761522640}.Debug|Any CPU.Build.0 = Debug|Any CPU
		{9D687A54-A061-4DCF-A757-823761522640}.Release|Any CPU.ActiveCfg = Release|Any CPU
		{9D687A54-A061-4DCF-A757-823761522640}.Release|Any CPU.Build.0 = Release|Any CPU
	EndGlobalSection
	GlobalSection(SolutionProperties) = preSolution
		HideSolutionNode = FALSE
	EndGlobalSection
	GlobalSection(ExtensibilityGlobals) = postSolution
		SolutionGuid = {7886E50E-A2F9-4ED5-A544-7BBBD5A516C8}
	EndGlobalSection
EndGlobal
